
Microsoft Visual Studio Solution File, Format Version 12.00
# Visual Studio 14
VisualStudioVersion = 14.0.25420.1
MinimumVisualStudioVersion = 10.0.40219.1
Project("{8BC9CEB8-8B4A-11D0-8D11-00A0C91BC942}") = "TSBK03", "TSBK03\TSBK03.vcxproj", "{545B2EA5-A6F1-4093-BD34-9AB13452EB28}"
EndProject
Global
	GlobalSection(SolutionConfigurationPlatforms) = preSolution
		CompileWithOptimization|x64 = CompileWithOptimization|x64
		CompileWithOptimization|x86 = CompileWithOptimization|x86
		CompileWithoutOptimization|x64 = CompileWithoutOptimization|x64
		CompileWithoutOptimization|x86 = CompileWithoutOptimization|x86
	EndGlobalSection
	GlobalSection(ProjectConfigurationPlatforms) = postSolution
		{545B2EA5-A6F1-4093-BD34-9AB13452EB28}.CompileWithOptimization|x64.ActiveCfg = Release|x64
		{545B2EA5-A6F1-4093-BD34-9AB13452EB28}.CompileWithOptimization|x64.Build.0 = Release|x64
		{545B2EA5-A6F1-4093-BD34-9AB13452EB28}.CompileWithOptimization|x86.ActiveCfg = Release|x64
		{545B2EA5-A6F1-4093-BD34-9AB13452EB28}.CompileWithoutOptimization|x64.ActiveCfg = CompileWithoutOptimization|x64
		{545B2EA5-A6F1-4093-BD34-9AB13452EB28}.CompileWithoutOptimization|x64.Build.0 = CompileWithoutOptimization|x64
		{545B2EA5-A6F1-4093-BD34-9AB13452EB28}.CompileWithoutOptimization|x86.ActiveCfg = CompileWithoutOptimization|x64
	EndGlobalSection
	GlobalSection(SolutionProperties) = preSolution
		HideSolutionNode = FALSE
	EndGlobalSection
EndGlobal
